
Microsoft Visual Studio Solution File, Format Version 12.00
Project("{2150E333-8FDC-42A3-9474-1A3956D46DE8}") = "src", "src", "{FA6D5374-30CF-48F6-B424-4223B8B83DC8}"
EndProject
Project("{2150E333-8FDC-42A3-9474-1A3956D46DE8}") = "Sequowl.gRPC", "Sequowl.gRPC", "{644DB2CD-72EC-4ECB-AD1F-9BFC3C9C5DC5}"
EndProject
Project("{2150E333-8FDC-42A3-9474-1A3956D46DE8}") = "Solution Items", "Solution Items", "{C021C797-027E-4E2A-ACEA-4785CC3DF4F8}"
	ProjectSection(SolutionItems) = preProject
		compose.yaml = compose.yaml
	EndProjectSection
EndProject
Project("{FAE04EC0-301F-11D3-BF4B-00C04F79EFBC}") = "Sequowl.Server", "Sequowl.Server\Sequowl.Server.csproj", "{7C508080-60C8-4961-A96F-580F9F46E6D3}"
EndProject
Project("{2150E333-8FDC-42A3-9474-1A3956D46DE8}") = "Sequowl.Infrastructure", "Sequowl.Infrastructure", "{845738AF-142A-4320-8D34-74999D6334B0}"
EndProject
Project("{FAE04EC0-301F-11D3-BF4B-00C04F79EFBC}") = "Sequowl.Infrastructure.PostgreSql", "Sequowl.Infrastructure.PostgreSql\Sequowl.Infrastructure.PostgreSql.csproj", "{3E933B32-3F74-49A7-B8D5-C11D69EA45DB}"
EndProject
Project("{FAE04EC0-301F-11D3-BF4B-00C04F79EFBC}") = "Seqowl.Infrastructure.MySql", "Seqowl.Infrastructure.MySql\Seqowl.Infrastructure.MySql.csproj", "{E1A2049A-F372-4010-82DD-FF22CD28AFB7}"
EndProject
Project("{FAE04EC0-301F-11D3-BF4B-00C04F79EFBC}") = "Sequowl.Contracts", "Sequowl.Contracts\Sequowl.Contracts.csproj", "{CC396ABC-123D-4376-94CF-520056451527}"
EndProject
Global
	GlobalSection(SolutionConfigurationPlatforms) = preSolution
		Debug|Any CPU = Debug|Any CPU
		Release|Any CPU = Release|Any CPU
	EndGlobalSection
	GlobalSection(NestedProjects) = preSolution
		{644DB2CD-72EC-4ECB-AD1F-9BFC3C9C5DC5} = {FA6D5374-30CF-48F6-B424-4223B8B83DC8}
		{7C508080-60C8-4961-A96F-580F9F46E6D3} = {644DB2CD-72EC-4ECB-AD1F-9BFC3C9C5DC5}
		{845738AF-142A-4320-8D34-74999D6334B0} = {FA6D5374-30CF-48F6-B424-4223B8B83DC8}
		{3E933B32-3F74-49A7-B8D5-C11D69EA45DB} = {845738AF-142A-4320-8D34-74999D6334B0}
		{E1A2049A-F372-4010-82DD-FF22CD28AFB7} = {845738AF-142A-4320-8D34-74999D6334B0}
		{CC396ABC-123D-4376-94CF-520056451527} = {644DB2CD-72EC-4ECB-AD1F-9BFC3C9C5DC5}
	EndGlobalSection
	GlobalSection(ProjectConfigurationPlatforms) = postSolution
		{7C508080-60C8-4961-A96F-580F9F46E6D3}.Debug|Any CPU.ActiveCfg = Debug|Any CPU
		{7C508080-60C8-4961-A96F-580F9F46E6D3}.Debug|Any CPU.Build.0 = Debug|Any CPU
		{7C508080-60C8-4961-A96F-580F9F46E6D3}.Release|Any CPU.ActiveCfg = Release|Any CPU
		{7C508080-60C8-4961-A96F-580F9F46E6D3}.Release|Any CPU.Build.0 = Release|Any CPU
		{3E933B32-3F74-49A7-B8D5-C11D69EA45DB}.Debug|Any CPU.ActiveCfg = Debug|Any CPU
		{3E933B32-3F74-49A7-B8D5-C11D69EA45DB}.Debug|Any CPU.Build.0 = Debug|Any CPU
		{3E933B32-3F74-49A7-B8D5-C11D69EA45DB}.Release|Any CPU.ActiveCfg = Release|Any CPU
		{3E933B32-3F74-49A7-B8D5-C11D69EA45DB}.Release|Any CPU.Build.0 = Release|Any CPU
		{E1A2049A-F372-4010-82DD-FF22CD28AFB7}.Debug|Any CPU.ActiveCfg = Debug|Any CPU
		{E1A2049A-F372-4010-82DD-FF22CD28AFB7}.Debug|Any CPU.Build.0 = Debug|Any CPU
		{E1A2049A-F372-4010-82DD-FF22CD28AFB7}.Release|Any CPU.ActiveCfg = Release|Any CPU
		{E1A2049A-F372-4010-82DD-FF22CD28AFB7}.Release|Any CPU.Build.0 = Release|Any CPU
		{CC396ABC-123D-4376-94CF-520056451527}.Debug|Any CPU.ActiveCfg = Debug|Any CPU
		{CC396ABC-123D-4376-94CF-520056451527}.Debug|Any CPU.Build.0 = Debug|Any CPU
		{CC396ABC-123D-4376-94CF-520056451527}.Release|Any CPU.ActiveCfg = Release|Any CPU
		{CC396ABC-123D-4376-94CF-520056451527}.Release|Any CPU.Build.0 = Release|Any CPU
	EndGlobalSection
EndGlobal
