
Microsoft Visual Studio Solution File, Format Version 12.00
Project("{2150E333-8FDC-42A3-9474-1A3956D46DE8}") = "src", "src", "{FA6D5374-30CF-48F6-B424-4223B8B83DC8}"
EndProject
Project("{2150E333-8FDC-42A3-9474-1A3956D46DE8}") = "Sequowl.gRPC", "Sequowl.gRPC", "{644DB2CD-72EC-4ECB-AD1F-9BFC3C9C5DC5}"
EndProject
Project("{2150E333-8FDC-42A3-9474-1A3956D46DE8}") = "Solution Items", "Solution Items", "{C021C797-027E-4E2A-ACEA-4785CC3DF4F8}"
	ProjectSection(SolutionItems) = preProject
		compose.yaml = compose.yaml
	EndProjectSection
EndProject
Project("{FAE04EC0-301F-11D3-BF4B-00C04F79EFBC}") = "Sequowl.gRPC", "Sequowl.gRPC\Sequowl.gRPC.csproj", "{7C508080-60C8-4961-A96F-580F9F46E6D3}"
EndProject
Global
	GlobalSection(SolutionConfigurationPlatforms) = preSolution
		Debug|Any CPU = Debug|Any CPU
		Release|Any CPU = Release|Any CPU
	EndGlobalSection
	GlobalSection(NestedProjects) = preSolution
		{644DB2CD-72EC-4ECB-AD1F-9BFC3C9C5DC5} = {FA6D5374-30CF-48F6-B424-4223B8B83DC8}
		{7C508080-60C8-4961-A96F-580F9F46E6D3} = {644DB2CD-72EC-4ECB-AD1F-9BFC3C9C5DC5}
	EndGlobalSection
	GlobalSection(ProjectConfigurationPlatforms) = postSolution
		{7C508080-60C8-4961-A96F-580F9F46E6D3}.Debug|Any CPU.ActiveCfg = Debug|Any CPU
		{7C508080-60C8-4961-A96F-580F9F46E6D3}.Debug|Any CPU.Build.0 = Debug|Any CPU
		{7C508080-60C8-4961-A96F-580F9F46E6D3}.Release|Any CPU.ActiveCfg = Release|Any CPU
		{7C508080-60C8-4961-A96F-580F9F46E6D3}.Release|Any CPU.Build.0 = Release|Any CPU
	EndGlobalSection
EndGlobal
